
Microsoft Visual Studio Solution File, Format Version 12.00
# Visual Studio Version 16
VisualStudioVersion = 16.0.32602.291
MinimumVisualStudioVersion = 10.0.40219.1
Project("{FAE04EC0-301F-11D3-BF4B-00C04F79EFBC}") = "Converter.API", "Converter.API\Converter.API.csproj", "{6A177BA1-D5CA-42F8-91DC-DA827A9D5C8E}"
EndProject
Project("{FAE04EC0-301F-11D3-BF4B-00C04F79EFBC}") = "Converter.Tests", "Converter.Tests\Converter.Tests.csproj", "{1BA9C432-3152-4E2E-846F-EDDBB74E670B}"
EndProject
Global
	GlobalSection(SolutionConfigurationPlatforms) = preSolution
		Debug|Any CPU = Debug|Any CPU
		Release|Any CPU = Release|Any CPU
	EndGlobalSection
	GlobalSection(ProjectConfigurationPlatforms) = postSolution
		{6A177BA1-D5CA-42F8-91DC-DA827A9D5C8E}.Debug|Any CPU.ActiveCfg = Debug|Any CPU
		{6A177BA1-D5CA-42F8-91DC-DA827A9D5C8E}.Debug|Any CPU.Build.0 = Debug|Any CPU
		{6A177BA1-D5CA-42F8-91DC-DA827A9D5C8E}.Release|Any CPU.ActiveCfg = Release|Any CPU
		{6A177BA1-D5CA-42F8-91DC-DA827A9D5C8E}.Release|Any CPU.Build.0 = Release|Any CPU
		{1BA9C432-3152-4E2E-846F-EDDBB74E670B}.Debug|Any CPU.ActiveCfg = Debug|Any CPU
		{1BA9C432-3152-4E2E-846F-EDDBB74E670B}.Debug|Any CPU.Build.0 = Debug|Any CPU
		{1BA9C432-3152-4E2E-846F-EDDBB74E670B}.Release|Any CPU.ActiveCfg = Release|Any CPU
		{1BA9C432-3152-4E2E-846F-EDDBB74E670B}.Release|Any CPU.Build.0 = Release|Any CPU
	EndGlobalSection
	GlobalSection(SolutionProperties) = preSolution
		HideSolutionNode = FALSE
	EndGlobalSection
	GlobalSection(ExtensibilityGlobals) = postSolution
		SolutionGuid = {45AB047E-DFE5-4340-8DE8-E52A12029FA5}
	EndGlobalSection
EndGlobal
